{
  "version": 4,
  "terraform_version": "1.15.2",
  "serial": 17,
  "lineage": "5c78230d-eb93-be4f-8fcd-ea8cf1f3ccf1",
  "outputs": {
    "vm_public_ip": {
      "value": "20.205.120.118",
      "type": "string"
    }
  },
  "resources": [
    {
      "mode": "managed",
      "type": "azurerm_linux_virtual_machine",
      "name": "siem_vm",
      "provider": "provider[\"registry.terraform.io/hashicorp/azurerm\"]",
      "instances": [
        {
          "schema_version": 0,
          "attributes": {
            "additional_capabilities": [],
            "admin_password": null,
            "admin_ssh_key": [
              {
                "public_key": "ssh-rsa AAAAB3NzaC1yc2EAAAADAQABAAACAQCsYmVClj7JCE8MEXld0eqkUPrq7wgdGD1fd/MhflNgY3Js1sD/KFeFRN8RjiVJNB2Pj2FDkgxTHWUR6/a/T4u88y39rqhbLar4oTOd1Jk7KiHo0OM57WK6bKWb/LtSPzzdH+5um+fh1v/iV7EJsSob4zKOJsjumHTg00ebmvzRn7LYM5IE568El2Yd2L5bI6T5ACXNILXPKIGPkOYDA50pCjP58yyhUKOTTrRqOX3uH5BUPxzB89gjDHeQoSbdeaIr3GHUrasEURsY4b/quwTEYFQp/P1+NBTEHUf2anrpqKmkIvRqa+GsMmS/ctgMXdSqt1vz12h7HmZJNw627BuFR61eLphw37nOGFGC4ivOHxPVOaG2tfUbqo7V6gdB4E+FshLL/Zl0F9gK8+Dh7M2C4dKzhYFORjJ8sEUXk++oQd583RyE50ColfyGfp1SzzY8hAXSHLU431sdX8NdBcfkT8s2TSXQ+FDnfRVa+lxRommMEDV6nGWxjteB6rKykNXVKF1tm2ySZ0ZNqkVtoo26gtvwAm0m4Ye7WTLRgwB3WSVD14LnM5pI/55mWtBS6SRRfFsEtgJJ0jritIGOvumIh9u5dO8l5YhITv/DZrhTH3IWE97xkJTQBTnYJYaJvTw4gwoSUfsNmbW2EoiY8syAAwctlzL9QyqDZdVeAp9dUQ== umaar@MSI",
                "username": "azureuser"
              }
            ],
            "admin_username": "azureuser",
            "allow_extension_operations": true,
            "availability_set_id": "",
            "boot_diagnostics": [],
            "bypass_platform_safety_checks_on_user_schedule_enabled": false,
            "capacity_reservation_group_id": "",
            "computer_name": "siem-elk-vm",
            "custom_data": "I2Nsb3VkLWNvbmZpZwoKcGFja2FnZV91cGRhdGU6IHRydWUKcGFja2FnZV91cGdyYWRlOiBmYWxzZQoKcGFja2FnZXM6CiAgLSBhcHQtdHJhbnNwb3J0LWh0dHBzCiAgLSBjYS1jZXJ0aWZpY2F0ZXMKICAtIGN1cmwKICAtIGdudXBnCiAgLSBsc2ItcmVsZWFzZQoKcnVuY21kOgogICMgSW5zdGFsbCBEb2NrZXIKICAtIGN1cmwgLWZzU0wgaHR0cHM6Ly9kb3dubG9hZC5kb2NrZXIuY29tL2xpbnV4L3VidW50dS9ncGcgfCBncGcgLS1kZWFybW9yIC1vIC91c3Ivc2hhcmUva2V5cmluZ3MvZG9ja2VyLWFyY2hpdmUta2V5cmluZy5ncGcKICAtIGVjaG8gImRlYiBbYXJjaD1hbWQ2NCBzaWduZWQtYnk9L3Vzci9zaGFyZS9rZXlyaW5ncy9kb2NrZXItYXJjaGl2ZS1rZXlyaW5nLmdwZ10gaHR0cHM6Ly9kb3dubG9hZC5kb2NrZXIuY29tL2xpbnV4L3VidW50dSBqYW1teSBzdGFibGUiIHwgdGVlIC9ldGMvYXB0L3NvdXJjZXMubGlzdC5kL2RvY2tlci5saXN0CiAgLSBhcHQtZ2V0IHVwZGF0ZQogIC0gYXB0LWdldCBpbnN0YWxsIC15IGRvY2tlci1jZSBkb2NrZXItY2UtY2xpIGNvbnRhaW5lcmQuaW8gZG9ja2VyLWNvbXBvc2UtcGx1Z2luCiAgLSB1c2VybW9kIC1hRyBkb2NrZXIgYXp1cmV1c2VyCgogICMgU2V0IHZtLm1heF9tYXBfY291bnQgZm9yIEVsYXN0aWNzZWFyY2gKICAtIGVjaG8gInZtLm1heF9tYXBfY291bnQ9MjYyMTQ0IiA+PiAvZXRjL3N5c2N0bC5jb25mCiAgLSBzeXNjdGwgLXcgdm0ubWF4X21hcF9jb3VudD0yNjIxNDQKCiAgIyBDcmVhdGUgRUxLIGRpcmVjdG9yeQogIC0gbWtkaXIgLXAgL2hvbWUvYXp1cmV1c2VyL0VMSy9sb2dzdGFzaAogIC0gbWtkaXIgLXAgL2hvbWUvYXp1cmV1c2VyL0VMSy9sb2dzCiAgLSBjaG93biAtUiBhenVyZXVzZXI6YXp1cmV1c2VyIC9ob21lL2F6dXJldXNlci9FTEsK",
            "dedicated_host_group_id": "",
            "dedicated_host_id": "",
            "disable_password_authentication": true,
            "disk_controller_type": "SCSI",
            "edge_zone": "",
            "encryption_at_host_enabled": false,
            "eviction_policy": "",
            "extensions_time_budget": "PT1H30M",
            "gallery_application": [],
            "id": "/subscriptions/28d994c4-baa2-4b35-872a-88fb5f735117/resourceGroups/siem-elk-rg/providers/Microsoft.Compute/virtualMachines/siem-elk-vm",
            "identity": [],
            "license_type": "",
            "location": "eastasia",
            "max_bid_price": -1,
            "name": "siem-elk-vm",
            "network_interface_ids": [
              "/subscriptions/28d994c4-baa2-4b35-872a-88fb5f735117/resourceGroups/siem-elk-rg/providers/Microsoft.Network/networkInterfaces/siem-nic"
            ],
            "os_disk": [
              {
                "caching": "ReadWrite",
                "diff_disk_settings": [],
                "disk_encryption_set_id": "",
                "disk_size_gb": 30,
                "name": "siem-elk-vm_OsDisk_1_356588fc358d45e79e763024d32642c9",
                "secure_vm_disk_encryption_set_id": "",
                "security_encryption_type": "",
                "storage_account_type": "Standard_LRS",
                "write_accelerator_enabled": false
              }
            ],
            "os_image_notification": [],
            "patch_assessment_mode": "ImageDefault",
            "patch_mode": "ImageDefault",
            "plan": [],
            "platform_fault_domain": -1,
            "priority": "Regular",
            "private_ip_address": "10.0.1.4",
            "private_ip_addresses": [
              "10.0.1.4"
            ],
            "provision_vm_agent": true,
            "proximity_placement_group_id": "",
            "public_ip_address": "20.205.120.118",
            "public_ip_addresses": [
              "20.205.120.118"
            ],
            "reboot_setting": "",
            "resource_group_name": "siem-elk-rg",
            "secret": [],
            "secure_boot_enabled": false,
            "size": "Standard_B2as_v2",
            "source_image_id": "",
            "source_image_reference": [
              {
                "offer": "0001-com-ubuntu-server-jammy",
                "publisher": "Canonical",
                "sku": "22_04-lts-gen2",
                "version": "latest"
              }
            ],
            "tags": null,
            "termination_notification": null,
            "timeouts": null,
            "user_data": "",
            "virtual_machine_id": "f5c5014d-2c0e-45e3-b228-bb023a265ae4",
            "virtual_machine_scale_set_id": "",
            "vm_agent_platform_updates_enabled": true,
            "vtpm_enabled": false,
            "zone": ""
          },
          "sensitive_attributes": [
            [
              {
                "type": "get_attr",
                "value": "admin_password"
              }
            ],
            [
              {
                "type": "get_attr",
                "value": "custom_data"
              }
            ]
          ],
          "identity_schema_version": 0,
          "private": "eyJlMmJmYjczMC1lY2FhLTExZTYtOGY4OC0zNDM2M2JjN2M0YzAiOnsiY3JlYXRlIjoyNzAwMDAwMDAwMDAwLCJkZWxldGUiOjI3MDAwMDAwMDAwMDAsInJlYWQiOjMwMDAwMDAwMDAwMCwidXBkYXRlIjoyNzAwMDAwMDAwMDAwfX0=",
          "dependencies": [
            "azurerm_network_interface.siem_nic",
            "azurerm_public_ip.siem_pip",
            "azurerm_resource_group.siem_rg",
            "azurerm_subnet.siem_subnet",
            "azurerm_virtual_network.siem_vnet"
          ]
        }
      ]
    },
    {
      "mode": "managed",
      "type": "azurerm_network_interface",
      "name": "siem_nic",
      "provider": "provider[\"registry.terraform.io/hashicorp/azurerm\"]",
      "instances": [
        {
          "schema_version": 0,
          "attributes": {
            "accelerated_networking_enabled": false,
            "applied_dns_servers": [],
            "auxiliary_mode": "",
            "auxiliary_sku": "",
            "dns_servers": [],
            "edge_zone": "",
            "enable_accelerated_networking": false,
            "enable_ip_forwarding": false,
            "id": "/subscriptions/28d994c4-baa2-4b35-872a-88fb5f735117/resourceGroups/siem-elk-rg/providers/Microsoft.Network/networkInterfaces/siem-nic",
            "internal_dns_name_label": "",
            "internal_domain_name_suffix": "",
            "ip_configuration": [
              {
                "gateway_load_balancer_frontend_ip_configuration_id": "",
                "name": "siem-ip-config",
                "primary": true,
                "private_ip_address": "10.0.1.4",
                "private_ip_address_allocation": "Dynamic",
                "private_ip_address_version": "IPv4",
                "public_ip_address_id": "/subscriptions/28d994c4-baa2-4b35-872a-88fb5f735117/resourceGroups/siem-elk-rg/providers/Microsoft.Network/publicIPAddresses/siem-public-ip",
                "subnet_id": "/subscriptions/28d994c4-baa2-4b35-872a-88fb5f735117/resourceGroups/siem-elk-rg/providers/Microsoft.Network/virtualNetworks/siem-vnet/subnets/siem-subnet"
              }
            ],
            "ip_forwarding_enabled": false,
            "location": "eastasia",
            "mac_address": "70-A8-A5-02-54-DD",
            "name": "siem-nic",
            "private_ip_address": "10.0.1.4",
            "private_ip_addresses": [
              "10.0.1.4"
            ],
            "resource_group_name": "siem-elk-rg",
            "tags": {},
            "timeouts": null,
            "virtual_machine_id": ""
          },
          "sensitive_attributes": [],
          "identity_schema_version": 0,
          "private": "eyJlMmJmYjczMC1lY2FhLTExZTYtOGY4OC0zNDM2M2JjN2M0YzAiOnsiY3JlYXRlIjoxODAwMDAwMDAwMDAwLCJkZWxldGUiOjE4MDAwMDAwMDAwMDAsInJlYWQiOjMwMDAwMDAwMDAwMCwidXBkYXRlIjoxODAwMDAwMDAwMDAwfX0=",
          "dependencies": [
            "azurerm_public_ip.siem_pip",
            "azurerm_resource_group.siem_rg",
            "azurerm_subnet.siem_subnet",
            "azurerm_virtual_network.siem_vnet"
          ]
        }
      ]
    },
    {
      "mode": "managed",
      "type": "azurerm_network_security_group",
      "name": "siem_nsg",
      "provider": "provider[\"registry.terraform.io/hashicorp/azurerm\"]",
      "instances": [
        {
          "schema_version": 0,
          "attributes": {
            "id": "/subscriptions/28d994c4-baa2-4b35-872a-88fb5f735117/resourceGroups/siem-elk-rg/providers/Microsoft.Network/networkSecurityGroups/siem-nsg",
            "location": "eastasia",
            "name": "siem-nsg",
            "resource_group_name": "siem-elk-rg",
            "security_rule": [
              {
                "access": "Allow",
                "description": "",
                "destination_address_prefix": "*",
                "destination_address_prefixes": [],
                "destination_application_security_group_ids": [],
                "destination_port_range": "22",
                "destination_port_ranges": [],
                "direction": "Inbound",
                "name": "allow-ssh",
                "priority": 100,
                "protocol": "Tcp",
                "source_address_prefix": "*",
                "source_address_prefixes": [],
                "source_application_security_group_ids": [],
                "source_port_range": "*",
                "source_port_ranges": []
              },
              {
                "access": "Allow",
                "description": "",
                "destination_address_prefix": "*",
                "destination_address_prefixes": [],
                "destination_application_security_group_ids": [],
                "destination_port_range": "5601",
                "destination_port_ranges": [],
                "direction": "Inbound",
                "name": "allow-kibana",
                "priority": 110,
                "protocol": "Tcp",
                "source_address_prefix": "*",
                "source_address_prefixes": [],
                "source_application_security_group_ids": [],
                "source_port_range": "*",
                "source_port_ranges": []
              },
              {
                "access": "Allow",
                "description": "",
                "destination_address_prefix": "*",
                "destination_address_prefixes": [],
                "destination_application_security_group_ids": [],
                "destination_port_range": "9200",
                "destination_port_ranges": [],
                "direction": "Inbound",
                "name": "allow-elasticsearch",
                "priority": 120,
                "protocol": "Tcp",
                "source_address_prefix": "*",
                "source_address_prefixes": [],
                "source_application_security_group_ids": [],
                "source_port_range": "*",
                "source_port_ranges": []
              }
            ],
            "tags": {},
            "timeouts": null
          },
          "sensitive_attributes": [],
          "identity_schema_version": 0,
          "private": "eyJlMmJmYjczMC1lY2FhLTExZTYtOGY4OC0zNDM2M2JjN2M0YzAiOnsiY3JlYXRlIjoxODAwMDAwMDAwMDAwLCJkZWxldGUiOjE4MDAwMDAwMDAwMDAsInJlYWQiOjMwMDAwMDAwMDAwMCwidXBkYXRlIjoxODAwMDAwMDAwMDAwfX0=",
          "dependencies": [
            "azurerm_resource_group.siem_rg"
          ]
        }
      ]
    },
    {
      "mode": "managed",
      "type": "azurerm_public_ip",
      "name": "siem_pip",
      "provider": "provider[\"registry.terraform.io/hashicorp/azurerm\"]",
      "instances": [
        {
          "schema_version": 0,
          "attributes": {
            "allocation_method": "Static",
            "ddos_protection_mode": "VirtualNetworkInherited",
            "ddos_protection_plan_id": null,
            "domain_name_label": null,
            "edge_zone": "",
            "fqdn": null,
            "id": "/subscriptions/28d994c4-baa2-4b35-872a-88fb5f735117/resourceGroups/siem-elk-rg/providers/Microsoft.Network/publicIPAddresses/siem-public-ip",
            "idle_timeout_in_minutes": 4,
            "ip_address": "20.205.120.118",
            "ip_tags": {},
            "ip_version": "IPv4",
            "location": "eastasia",
            "name": "siem-public-ip",
            "public_ip_prefix_id": null,
            "resource_group_name": "siem-elk-rg",
            "reverse_fqdn": null,
            "sku": "Standard",
            "sku_tier": "Regional",
            "tags": {},
            "timeouts": null,
            "zones": []
          },
          "sensitive_attributes": [],
          "identity_schema_version": 0,
          "private": "eyJlMmJmYjczMC1lY2FhLTExZTYtOGY4OC0zNDM2M2JjN2M0YzAiOnsiY3JlYXRlIjoxODAwMDAwMDAwMDAwLCJkZWxldGUiOjE4MDAwMDAwMDAwMDAsInJlYWQiOjMwMDAwMDAwMDAwMCwidXBkYXRlIjoxODAwMDAwMDAwMDAwfX0=",
          "dependencies": [
            "azurerm_resource_group.siem_rg"
          ]
        }
      ]
    },
    {
      "mode": "managed",
      "type": "azurerm_resource_group",
      "name": "siem_rg",
      "provider": "provider[\"registry.terraform.io/hashicorp/azurerm\"]",
      "instances": [
        {
          "schema_version": 0,
          "attributes": {
            "id": "/subscriptions/28d994c4-baa2-4b35-872a-88fb5f735117/resourceGroups/siem-elk-rg",
            "location": "eastasia",
            "managed_by": "",
            "name": "siem-elk-rg",
            "tags": {},
            "timeouts": null
          },
          "sensitive_attributes": [],
          "identity_schema_version": 0,
          "private": "eyJlMmJmYjczMC1lY2FhLTExZTYtOGY4OC0zNDM2M2JjN2M0YzAiOnsiY3JlYXRlIjo1NDAwMDAwMDAwMDAwLCJkZWxldGUiOjU0MDAwMDAwMDAwMDAsInJlYWQiOjMwMDAwMDAwMDAwMCwidXBkYXRlIjo1NDAwMDAwMDAwMDAwfX0="
        }
      ]
    },
    {
      "mode": "managed",
      "type": "azurerm_subnet",
      "name": "siem_subnet",
      "provider": "provider[\"registry.terraform.io/hashicorp/azurerm\"]",
      "instances": [
        {
          "schema_version": 0,
          "attributes": {
            "address_prefixes": [
              "10.0.1.0/24"
            ],
            "default_outbound_access_enabled": true,
            "delegation": [],
            "enforce_private_link_endpoint_network_policies": false,
            "enforce_private_link_service_network_policies": false,
            "id": "/subscriptions/28d994c4-baa2-4b35-872a-88fb5f735117/resourceGroups/siem-elk-rg/providers/Microsoft.Network/virtualNetworks/siem-vnet/subnets/siem-subnet",
            "name": "siem-subnet",
            "private_endpoint_network_policies": "Enabled",
            "private_endpoint_network_policies_enabled": true,
            "private_link_service_network_policies_enabled": true,
            "resource_group_name": "siem-elk-rg",
            "service_endpoint_policy_ids": [],
            "service_endpoints": [],
            "timeouts": null,
            "virtual_network_name": "siem-vnet"
          },
          "sensitive_attributes": [],
          "identity_schema_version": 0,
          "private": "eyJlMmJmYjczMC1lY2FhLTExZTYtOGY4OC0zNDM2M2JjN2M0YzAiOnsiY3JlYXRlIjoxODAwMDAwMDAwMDAwLCJkZWxldGUiOjE4MDAwMDAwMDAwMDAsInJlYWQiOjMwMDAwMDAwMDAwMCwidXBkYXRlIjoxODAwMDAwMDAwMDAwfX0=",
          "dependencies": [
            "azurerm_resource_group.siem_rg",
            "azurerm_virtual_network.siem_vnet"
          ]
        }
      ]
    },
    {
      "mode": "managed",
      "type": "azurerm_subnet_network_security_group_association",
      "name": "siem_nsg_assoc",
      "provider": "provider[\"registry.terraform.io/hashicorp/azurerm\"]",
      "instances": [
        {
          "schema_version": 0,
          "attributes": {
            "id": "/subscriptions/28d994c4-baa2-4b35-872a-88fb5f735117/resourceGroups/siem-elk-rg/providers/Microsoft.Network/virtualNetworks/siem-vnet/subnets/siem-subnet",
            "network_security_group_id": "/subscriptions/28d994c4-baa2-4b35-872a-88fb5f735117/resourceGroups/siem-elk-rg/providers/Microsoft.Network/networkSecurityGroups/siem-nsg",
            "subnet_id": "/subscriptions/28d994c4-baa2-4b35-872a-88fb5f735117/resourceGroups/siem-elk-rg/providers/Microsoft.Network/virtualNetworks/siem-vnet/subnets/siem-subnet",
            "timeouts": null
          },
          "sensitive_attributes": [],
          "identity_schema_version": 0,
          "private": "eyJlMmJmYjczMC1lY2FhLTExZTYtOGY4OC0zNDM2M2JjN2M0YzAiOnsiY3JlYXRlIjoxODAwMDAwMDAwMDAwLCJkZWxldGUiOjE4MDAwMDAwMDAwMDAsInJlYWQiOjMwMDAwMDAwMDAwMH19",
          "dependencies": [
            "azurerm_network_security_group.siem_nsg",
            "azurerm_resource_group.siem_rg",
            "azurerm_subnet.siem_subnet",
            "azurerm_virtual_network.siem_vnet"
          ]
        }
      ]
    },
    {
      "mode": "managed",
      "type": "azurerm_virtual_network",
      "name": "siem_vnet",
      "provider": "provider[\"registry.terraform.io/hashicorp/azurerm\"]",
      "instances": [
        {
          "schema_version": 0,
          "attributes": {
            "address_space": [
              "10.0.0.0/16"
            ],
            "bgp_community": "",
            "ddos_protection_plan": [],
            "dns_servers": [],
            "edge_zone": "",
            "encryption": [],
            "flow_timeout_in_minutes": 0,
            "guid": "23753c57-22de-4c1e-823f-a151cf87dea8",
            "id": "/subscriptions/28d994c4-baa2-4b35-872a-88fb5f735117/resourceGroups/siem-elk-rg/providers/Microsoft.Network/virtualNetworks/siem-vnet",
            "location": "eastasia",
            "name": "siem-vnet",
            "resource_group_name": "siem-elk-rg",
            "subnet": [
              {
                "address_prefix": "10.0.1.0/24",
                "id": "/subscriptions/28d994c4-baa2-4b35-872a-88fb5f735117/resourceGroups/siem-elk-rg/providers/Microsoft.Network/virtualNetworks/siem-vnet/subnets/siem-subnet",
                "name": "siem-subnet",
                "security_group": "/subscriptions/28d994c4-baa2-4b35-872a-88fb5f735117/resourceGroups/siem-elk-rg/providers/Microsoft.Network/networkSecurityGroups/siem-nsg"
              }
            ],
            "tags": {},
            "timeouts": null
          },
          "sensitive_attributes": [],
          "identity_schema_version": 0,
          "private": "eyJlMmJmYjczMC1lY2FhLTExZTYtOGY4OC0zNDM2M2JjN2M0YzAiOnsiY3JlYXRlIjoxODAwMDAwMDAwMDAwLCJkZWxldGUiOjE4MDAwMDAwMDAwMDAsInJlYWQiOjMwMDAwMDAwMDAwMCwidXBkYXRlIjoxODAwMDAwMDAwMDAwfX0=",
          "dependencies": [
            "azurerm_resource_group.siem_rg"
          ]
        }
      ]
    }
  ],
  "check_results": null
}
