{
  "version": 4,
  "terraform_version": "1.15.2",
  "serial": 15,
  "lineage": "5c78230d-eb93-be4f-8fcd-ea8cf1f3ccf1",
  "outputs": {
    "vm_public_ip": {
      "value": "20.205.120.118",
      "type": "string"
    }
  },
  "resources": [
    {
      "mode": "managed",
      "type": "azurerm_network_interface",
      "name": "siem_nic",
      "provider": "provider[\"registry.terraform.io/hashicorp/azurerm\"]",
      "instances": [
        {
          "schema_version": 0,
          "attributes": {
            "accelerated_networking_enabled": false,
            "applied_dns_servers": [],
            "auxiliary_mode": "",
            "auxiliary_sku": "",
            "dns_servers": [],
            "edge_zone": "",
            "enable_accelerated_networking": false,
            "enable_ip_forwarding": false,
            "id": "/subscriptions/28d994c4-baa2-4b35-872a-88fb5f735117/resourceGroups/siem-elk-rg/providers/Microsoft.Network/networkInterfaces/siem-nic",
            "internal_dns_name_label": "",
            "internal_domain_name_suffix": "k24hki44eipezar5ufi25b44va.hx.internal.cloudapp.net",
            "ip_configuration": [
              {
                "gateway_load_balancer_frontend_ip_configuration_id": "",
                "name": "siem-ip-config",
                "primary": true,
                "private_ip_address": "10.0.1.4",
                "private_ip_address_allocation": "Dynamic",
                "private_ip_address_version": "IPv4",
                "public_ip_address_id": "/subscriptions/28d994c4-baa2-4b35-872a-88fb5f735117/resourceGroups/siem-elk-rg/providers/Microsoft.Network/publicIPAddresses/siem-public-ip",
                "subnet_id": "/subscriptions/28d994c4-baa2-4b35-872a-88fb5f735117/resourceGroups/siem-elk-rg/providers/Microsoft.Network/virtualNetworks/siem-vnet/subnets/siem-subnet"
              }
            ],
            "ip_forwarding_enabled": false,
            "location": "eastasia",
            "mac_address": "70-A8-A5-02-54-DD",
            "name": "siem-nic",
            "private_ip_address": "10.0.1.4",
            "private_ip_addresses": [
              "10.0.1.4"
            ],
            "resource_group_name": "siem-elk-rg",
            "tags": {},
            "timeouts": null,
            "virtual_machine_id": "/subscriptions/28d994c4-baa2-4b35-872a-88fb5f735117/resourceGroups/siem-elk-rg/providers/Microsoft.Compute/virtualMachines/siem-elk-vm"
          },
          "sensitive_attributes": [],
          "identity_schema_version": 0,
          "private": "eyJlMmJmYjczMC1lY2FhLTExZTYtOGY4OC0zNDM2M2JjN2M0YzAiOnsiY3JlYXRlIjoxODAwMDAwMDAwMDAwLCJkZWxldGUiOjE4MDAwMDAwMDAwMDAsInJlYWQiOjMwMDAwMDAwMDAwMCwidXBkYXRlIjoxODAwMDAwMDAwMDAwfX0=",
          "dependencies": [
            "azurerm_public_ip.siem_pip",
            "azurerm_resource_group.siem_rg",
            "azurerm_subnet.siem_subnet",
            "azurerm_virtual_network.siem_vnet"
          ]
        }
      ]
    },
    {
      "mode": "managed",
      "type": "azurerm_network_security_group",
      "name": "siem_nsg",
      "provider": "provider[\"registry.terraform.io/hashicorp/azurerm\"]",
      "instances": [
        {
          "schema_version": 0,
          "attributes": {
            "id": "/subscriptions/28d994c4-baa2-4b35-872a-88fb5f735117/resourceGroups/siem-elk-rg/providers/Microsoft.Network/networkSecurityGroups/siem-nsg",
            "location": "eastasia",
            "name": "siem-nsg",
            "resource_group_name": "siem-elk-rg",
            "security_rule": [
              {
                "access": "Allow",
                "description": "",
                "destination_address_prefix": "*",
                "destination_address_prefixes": [],
                "destination_application_security_group_ids": [],
                "destination_port_range": "22",
                "destination_port_ranges": [],
                "direction": "Inbound",
                "name": "allow-ssh",
                "priority": 100,
                "protocol": "Tcp",
                "source_address_prefix": "*",
                "source_address_prefixes": [],
                "source_application_security_group_ids": [],
                "source_port_range": "*",
                "source_port_ranges": []
              },
              {
                "access": "Allow",
                "description": "",
                "destination_address_prefix": "*",
                "destination_address_prefixes": [],
                "destination_application_security_group_ids": [],
                "destination_port_range": "5601",
                "destination_port_ranges": [],
                "direction": "Inbound",
                "name": "allow-kibana",
                "priority": 110,
                "protocol": "Tcp",
                "source_address_prefix": "*",
                "source_address_prefixes": [],
                "source_application_security_group_ids": [],
                "source_port_range": "*",
                "source_port_ranges": []
              },
              {
                "access": "Allow",
                "description": "",
                "destination_address_prefix": "*",
                "destination_address_prefixes": [],
                "destination_application_security_group_ids": [],
                "destination_port_range": "9200",
                "destination_port_ranges": [],
                "direction": "Inbound",
                "name": "allow-elasticsearch",
                "priority": 120,
                "protocol": "Tcp",
                "source_address_prefix": "*",
                "source_address_prefixes": [],
                "source_application_security_group_ids": [],
                "source_port_range": "*",
                "source_port_ranges": []
              }
            ],
            "tags": {},
            "timeouts": null
          },
          "sensitive_attributes": [],
          "identity_schema_version": 0,
          "private": "eyJlMmJmYjczMC1lY2FhLTExZTYtOGY4OC0zNDM2M2JjN2M0YzAiOnsiY3JlYXRlIjoxODAwMDAwMDAwMDAwLCJkZWxldGUiOjE4MDAwMDAwMDAwMDAsInJlYWQiOjMwMDAwMDAwMDAwMCwidXBkYXRlIjoxODAwMDAwMDAwMDAwfX0=",
          "dependencies": [
            "azurerm_resource_group.siem_rg"
          ]
        }
      ]
    },
    {
      "mode": "managed",
      "type": "azurerm_public_ip",
      "name": "siem_pip",
      "provider": "provider[\"registry.terraform.io/hashicorp/azurerm\"]",
      "instances": [
        {
          "schema_version": 0,
          "attributes": {
            "allocation_method": "Static",
            "ddos_protection_mode": "VirtualNetworkInherited",
            "ddos_protection_plan_id": null,
            "domain_name_label": null,
            "edge_zone": "",
            "fqdn": null,
            "id": "/subscriptions/28d994c4-baa2-4b35-872a-88fb5f735117/resourceGroups/siem-elk-rg/providers/Microsoft.Network/publicIPAddresses/siem-public-ip",
            "idle_timeout_in_minutes": 4,
            "ip_address": "20.205.120.118",
            "ip_tags": {},
            "ip_version": "IPv4",
            "location": "eastasia",
            "name": "siem-public-ip",
            "public_ip_prefix_id": null,
            "resource_group_name": "siem-elk-rg",
            "reverse_fqdn": null,
            "sku": "Standard",
            "sku_tier": "Regional",
            "tags": {},
            "timeouts": null,
            "zones": []
          },
          "sensitive_attributes": [],
          "identity_schema_version": 0,
          "private": "eyJlMmJmYjczMC1lY2FhLTExZTYtOGY4OC0zNDM2M2JjN2M0YzAiOnsiY3JlYXRlIjoxODAwMDAwMDAwMDAwLCJkZWxldGUiOjE4MDAwMDAwMDAwMDAsInJlYWQiOjMwMDAwMDAwMDAwMCwidXBkYXRlIjoxODAwMDAwMDAwMDAwfX0=",
          "dependencies": [
            "azurerm_resource_group.siem_rg"
          ]
        }
      ]
    },
    {
      "mode": "managed",
      "type": "azurerm_resource_group",
      "name": "siem_rg",
      "provider": "provider[\"registry.terraform.io/hashicorp/azurerm\"]",
      "instances": [
        {
          "schema_version": 0,
          "attributes": {
            "id": "/subscriptions/28d994c4-baa2-4b35-872a-88fb5f735117/resourceGroups/siem-elk-rg",
            "location": "eastasia",
            "managed_by": "",
            "name": "siem-elk-rg",
            "tags": {},
            "timeouts": null
          },
          "sensitive_attributes": [],
          "identity_schema_version": 0,
          "private": "eyJlMmJmYjczMC1lY2FhLTExZTYtOGY4OC0zNDM2M2JjN2M0YzAiOnsiY3JlYXRlIjo1NDAwMDAwMDAwMDAwLCJkZWxldGUiOjU0MDAwMDAwMDAwMDAsInJlYWQiOjMwMDAwMDAwMDAwMCwidXBkYXRlIjo1NDAwMDAwMDAwMDAwfX0="
        }
      ]
    },
    {
      "mode": "managed",
      "type": "azurerm_subnet",
      "name": "siem_subnet",
      "provider": "provider[\"registry.terraform.io/hashicorp/azurerm\"]",
      "instances": [
        {
          "schema_version": 0,
          "attributes": {
            "address_prefixes": [
              "10.0.1.0/24"
            ],
            "default_outbound_access_enabled": true,
            "delegation": [],
            "enforce_private_link_endpoint_network_policies": false,
            "enforce_private_link_service_network_policies": false,
            "id": "/subscriptions/28d994c4-baa2-4b35-872a-88fb5f735117/resourceGroups/siem-elk-rg/providers/Microsoft.Network/virtualNetworks/siem-vnet/subnets/siem-subnet",
            "name": "siem-subnet",
            "private_endpoint_network_policies": "Enabled",
            "private_endpoint_network_policies_enabled": true,
            "private_link_service_network_policies_enabled": true,
            "resource_group_name": "siem-elk-rg",
            "service_endpoint_policy_ids": [],
            "service_endpoints": [],
            "timeouts": null,
            "virtual_network_name": "siem-vnet"
          },
          "sensitive_attributes": [],
          "identity_schema_version": 0,
          "private": "eyJlMmJmYjczMC1lY2FhLTExZTYtOGY4OC0zNDM2M2JjN2M0YzAiOnsiY3JlYXRlIjoxODAwMDAwMDAwMDAwLCJkZWxldGUiOjE4MDAwMDAwMDAwMDAsInJlYWQiOjMwMDAwMDAwMDAwMCwidXBkYXRlIjoxODAwMDAwMDAwMDAwfX0=",
          "dependencies": [
            "azurerm_resource_group.siem_rg",
            "azurerm_virtual_network.siem_vnet"
          ]
        }
      ]
    },
    {
      "mode": "managed",
      "type": "azurerm_subnet_network_security_group_association",
      "name": "siem_nsg_assoc",
      "provider": "provider[\"registry.terraform.io/hashicorp/azurerm\"]",
      "instances": [
        {
          "schema_version": 0,
          "attributes": {
            "id": "/subscriptions/28d994c4-baa2-4b35-872a-88fb5f735117/resourceGroups/siem-elk-rg/providers/Microsoft.Network/virtualNetworks/siem-vnet/subnets/siem-subnet",
            "network_security_group_id": "/subscriptions/28d994c4-baa2-4b35-872a-88fb5f735117/resourceGroups/siem-elk-rg/providers/Microsoft.Network/networkSecurityGroups/siem-nsg",
            "subnet_id": "/subscriptions/28d994c4-baa2-4b35-872a-88fb5f735117/resourceGroups/siem-elk-rg/providers/Microsoft.Network/virtualNetworks/siem-vnet/subnets/siem-subnet",
            "timeouts": null
          },
          "sensitive_attributes": [],
          "identity_schema_version": 0,
          "private": "eyJlMmJmYjczMC1lY2FhLTExZTYtOGY4OC0zNDM2M2JjN2M0YzAiOnsiY3JlYXRlIjoxODAwMDAwMDAwMDAwLCJkZWxldGUiOjE4MDAwMDAwMDAwMDAsInJlYWQiOjMwMDAwMDAwMDAwMH19",
          "dependencies": [
            "azurerm_network_security_group.siem_nsg",
            "azurerm_resource_group.siem_rg",
            "azurerm_subnet.siem_subnet",
            "azurerm_virtual_network.siem_vnet"
          ]
        }
      ]
    },
    {
      "mode": "managed",
      "type": "azurerm_virtual_network",
      "name": "siem_vnet",
      "provider": "provider[\"registry.terraform.io/hashicorp/azurerm\"]",
      "instances": [
        {
          "schema_version": 0,
          "attributes": {
            "address_space": [
              "10.0.0.0/16"
            ],
            "bgp_community": "",
            "ddos_protection_plan": [],
            "dns_servers": [],
            "edge_zone": "",
            "encryption": [],
            "flow_timeout_in_minutes": 0,
            "guid": "23753c57-22de-4c1e-823f-a151cf87dea8",
            "id": "/subscriptions/28d994c4-baa2-4b35-872a-88fb5f735117/resourceGroups/siem-elk-rg/providers/Microsoft.Network/virtualNetworks/siem-vnet",
            "location": "eastasia",
            "name": "siem-vnet",
            "resource_group_name": "siem-elk-rg",
            "subnet": [
              {
                "address_prefix": "10.0.1.0/24",
                "id": "/subscriptions/28d994c4-baa2-4b35-872a-88fb5f735117/resourceGroups/siem-elk-rg/providers/Microsoft.Network/virtualNetworks/siem-vnet/subnets/siem-subnet",
                "name": "siem-subnet",
                "security_group": "/subscriptions/28d994c4-baa2-4b35-872a-88fb5f735117/resourceGroups/siem-elk-rg/providers/Microsoft.Network/networkSecurityGroups/siem-nsg"
              }
            ],
            "tags": {},
            "timeouts": null
          },
          "sensitive_attributes": [],
          "identity_schema_version": 0,
          "private": "eyJlMmJmYjczMC1lY2FhLTExZTYtOGY4OC0zNDM2M2JjN2M0YzAiOnsiY3JlYXRlIjoxODAwMDAwMDAwMDAwLCJkZWxldGUiOjE4MDAwMDAwMDAwMDAsInJlYWQiOjMwMDAwMDAwMDAwMCwidXBkYXRlIjoxODAwMDAwMDAwMDAwfX0=",
          "dependencies": [
            "azurerm_resource_group.siem_rg"
          ]
        }
      ]
    }
  ],
  "check_results": null
}
